// !$*UTF8*$!
{
	archiveVersion = 1;
	classes = {
	};
	objectVersion = 46;
	objects = {

/* Begin PBXBuildFile section */
		636BB3C11AED2F36008E3357 /* main.m in Sources */ = {isa = PBXBuildFile; fileRef = 636BB3C01AED2F36008E3357 /* main.m */; };
		636BB3C41AED2F36008E3357 /* AppDelegate.m in Sources */ = {isa = PBXBuildFile; fileRef = 636BB3C31AED2F36008E3357 /* AppDelegate.m */; };
		636BB3C71AED2F36008E3357 /* ViewController.m in Sources */ = {isa = PBXBuildFile; fileRef = 636BB3C61AED2F36008E3357 /* ViewController.m */; };
		636BB3CA1AED2F36008E3357 /* Main.storyboard in Resources */ = {isa = PBXBuildFile; fileRef = 636BB3C81AED2F36008E3357 /* Main.storyboard */; };
		636BB3CC1AED2F36008E3357 /* Images.xcassets in Resources */ = {isa = PBXBuildFile; fileRef = 636BB3CB1AED2F36008E3357 /* Images.xcassets */; };
		636BB3CF1AED2F36008E3357 /* LaunchScreen.xib in Resources */ = {isa = PBXBuildFile; fileRef = 636BB3CD1AED2F36008E3357 /* LaunchScreen.xib */; };
		636BB3DB1AED2F36008E3357 /* GGPickerViewTests.m in Sources */ = {isa = PBXBuildFile; fileRef = 636BB3DA1AED2F36008E3357 /* GGPickerViewTests.m */; };
		636BB3E61AED2F4E008E3357 /* GGPickerView.m in Sources */ = {isa = PBXBuildFile; fileRef = 636BB3E51AED2F4E008E3357 /* GGPickerView.m */; };
/* End PBXBuildFile section */

/* Begin PBXContainerItemProxy section */
		636BB3D51AED2F36008E3357 /* PBXContainerItemProxy */ = {
			isa = PBXContainerItemProxy;
			containerPortal = 636BB3B31AED2F36008E3357 /* Project object */;
			proxyType = 1;
			remoteGlobalIDString = 636BB3BA1AED2F36008E3357;
			remoteInfo = GGPickerView;
		};
/* End PBXContainerItemProxy section */

/* Begin PBXFileReference section */
		636BB3BB1AED2F36008E3357 /* GGPickerView.app */ = {isa = PBXFileReference; explicitFileType = wrapper.application; includeInIndex = 0; path = GGPickerView.app; sourceTree = BUILT_PRODUCTS_DIR; };
		636BB3BF1AED2F36008E3357 /* Info.plist */ = {isa = PBXFileReference; lastKnownFileType = text.plist.xml; path = Info.plist; sourceTree = "<group>"; };
		636BB3C01AED2F36008E3357 /* main.m */ = {isa = PBXFileReference; lastKnownFileType = sourcecode.c.objc; path = main.m; sourceTree = "<group>"; };
		636BB3C21AED2F36008E3357 /* AppDelegate.h */ = {isa = PBXFileReference; lastKnownFileType = sourcecode.c.h; path = AppDelegate.h; sourceTree = "<group>"; };
		636BB3C31AED2F36008E3357 /* AppDelegate.m */ = {isa = PBXFileReference; lastKnownFileType = sourcecode.c.objc; path = AppDelegate.m; sourceTree = "<group>"; };
		636BB3C51AED2F36008E3357 /* ViewController.h */ = {isa = PBXFileReference; lastKnownFileType = sourcecode.c.h; path = ViewController.h; sourceTree = "<group>"; };
		636BB3C61AED2F36008E3357 /* ViewController.m */ = {isa = PBXFileReference; lastKnownFileType = sourcecode.c.objc; path = ViewController.m; sourceTree = "<group>"; };
		636BB3C91AED2F36008E3357 /* Base */ = {isa = PBXFileReference; lastKnownFileType = file.storyboard; name = Base; path = Base.lproj/Main.storyboard; sourceTree = "<group>"; };
		636BB3CB1AED2F36008E3357 /* Images.xcassets */ = {isa = PBXFileReference; lastKnownFileType = folder.assetcatalog; path = Images.xcassets; sourceTree = "<group>"; };
		636BB3CE1AED2F36008E3357 /* Base */ = {isa = PBXFileReference; lastKnownFileType = file.xib; name = Base; path = Base.lproj/LaunchScreen.xib; sourceTree = "<group>"; };
		636BB3D41AED2F36008E3357 /* GGPickerViewTests.xctest */ = {isa = PBXFileReference; explicitFileType = wrapper.cfbundle; includeInIndex = 0; path = GGPickerViewTests.xctest; sourceTree = BUILT_PRODUCTS_DIR; };
		636BB3D91AED2F36008E3357 /* Info.plist */ = {isa = PBXFileReference; lastKnownFileType = text.plist.xml; path = Info.plist; sourceTree = "<group>"; };
		636BB3DA1AED2F36008E3357 /* GGPickerViewTests.m */ = {isa = PBXFileReference; lastKnownFileType = sourcecode.c.objc; path = GGPickerViewTests.m; sourceTree = "<group>"; };
		636BB3E41AED2F4E008E3357 /* GGPickerView.h */ = {isa = PBXFileReference; fileEncoding = 4; lastKnownFileType = sourcecode.c.h; path = GGPickerView.h; sourceTree = "<group>"; };
		636BB3E51AED2F4E008E3357 /* GGPickerView.m */ = {isa = PBXFileReference; fileEncoding = 4; lastKnownFileType = sourcecode.c.objc; path = GGPickerView.m; sourceTree = "<group>"; };
/* End PBXFileReference section */

/* Begin PBXFrameworksBuildPhase section */
		636BB3B81AED2F36008E3357 /* Frameworks */ = {
			isa = PBXFrameworksBuildPhase;
			buildActionMask = 2147483647;
			files = (
			);
			runOnlyForDeploymentPostprocessing = 0;
		};
		636BB3D11AED2F36008E3357 /* Frameworks */ = {
			isa = PBXFrameworksBuildPhase;
			buildActionMask = 2147483647;
			files = (
			);
			runOnlyForDeploymentPostprocessing = 0;
		};
/* End PBXFrameworksBuildPhase section */

/* Begin PBXGroup section */
		63564F4D1AF10F570004DFAC /* PickerView */ = {
			isa = PBXGroup;
			children = (
				636BB3E41AED2F4E008E3357 /* GGPickerView.h */,
				636BB3E51AED2F4E008E3357 /* GGPickerView.m */,
			);
			name = PickerView;
			sourceTree = "<group>";
		};
		636BB3B21AED2F36008E3357 = {
			isa = PBXGroup;
			children = (
				636BB3BD1AED2F36008E3357 /* GGPickerView */,
				636BB3D71AED2F36008E3357 /* GGPickerViewTests */,
				636BB3BC1AED2F36008E3357 /* Products */,
			);
			sourceTree = "<group>";
		};
		636BB3BC1AED2F36008E3357 /* Products */ = {
			isa = PBXGroup;
			children = (
				636BB3BB1AED2F36008E3357 /* GGPickerView.app */,
				636BB3D41AED2F36008E3357 /* GGPickerViewTests.xctest */,
			);
			name = Products;
			sourceTree = "<group>";
		};
		636BB3BD1AED2F36008E3357 /* GGPickerView */ = {
			isa = PBXGroup;
			children = (
				63564F4D1AF10F570004DFAC /* PickerView */,
				636BB3C21AED2F36008E3357 /* AppDelegate.h */,
				636BB3C31AED2F36008E3357 /* AppDelegate.m */,
				636BB3C51AED2F36008E3357 /* ViewController.h */,
				636BB3C61AED2F36008E3357 /* ViewController.m */,
				636BB3C81AED2F36008E3357 /* Main.storyboard */,
				636BB3CB1AED2F36008E3357 /* Images.xcassets */,
				636BB3CD1AED2F36008E3357 /* LaunchScreen.xib */,
				636BB3BE1AED2F36008E3357 /* Supporting Files */,
			);
			path = GGPickerView;
			sourceTree = "<group>";
		};
		636BB3BE1AED2F36008E3357 /* Supporting Files */ = {
			isa = PBXGroup;
			children = (
				636BB3BF1AED2F36008E3357 /* Info.plist */,
				636BB3C01AED2F36008E3357 /* main.m */,
			);
			name = "Supporting Files";
			sourceTree = "<group>";
		};
		636BB3D71AED2F36008E3357 /* GGPickerViewTests */ = {
			isa = PBXGroup;
			children = (
				636BB3DA1AED2F36008E3357 /* GGPickerViewTests.m */,
				636BB3D81AED2F36008E3357 /* Supporting Files */,
			);
			path = GGPickerViewTests;
			sourceTree = "<group>";
		};
		636BB3D81AED2F36008E3357 /* Supporting Files */ = {
			isa = PBXGroup;
			children = (
				636BB3D91AED2F36008E3357 /* Info.plist */,
			);
			name = "Supporting Files";
			sourceTree = "<group>";
		};
/* End PBXGroup section */

/* Begin PBXNativeTarget section */
		636BB3BA1AED2F36008E3357 /* GGPickerView */ = {
			isa = PBXNativeTarget;
			buildConfigurationList = 636BB3DE1AED2F36008E3357 /* Build configuration list for PBXNativeTarget "GGPickerView" */;
			buildPhases = (
				636BB3B71AED2F36008E3357 /* Sources */,
				636BB3B81AED2F36008E3357 /* Frameworks */,
				636BB3B91AED2F36008E3357 /* Resources */,
			);
			buildRules = (
			);
			dependencies = (
			);
			name = GGPickerView;
			productName = GGPickerView;
			productReference = 636BB3BB1AED2F36008E3357 /* GGPickerView.app */;
			productType = "com.apple.product-type.application";
		};
		636BB3D31AED2F36008E3357 /* GGPickerViewTests */ = {
			isa = PBXNativeTarget;
			buildConfigurationList = 636BB3E11AED2F36008E3357 /* Build configuration list for PBXNativeTarget "GGPickerViewTests" */;
			buildPhases = (
				636BB3D01AED2F36008E3357 /* Sources */,
				636BB3D11AED2F36008E3357 /* Frameworks */,
				636BB3D21AED2F36008E3357 /* Resources */,
			);
			buildRules = (
			);
			dependencies = (
				636BB3D61AED2F36008E3357 /* PBXTargetDependency */,
			);
			name = GGPickerViewTests;
			productName = GGPickerViewTests;
			productReference = 636BB3D41AED2F36008E3357 /* GGPickerViewTests.xctest */;
			productType = "com.apple.product-type.bundle.unit-test";
		};
/* End PBXNativeTarget section */

/* Begin PBXProject section */
		636BB3B31AED2F36008E3357 /* Project object */ = {
			isa = PBXProject;
			attributes = {
				LastUpgradeCheck = 0630;
				ORGANIZATIONNAME = "__无邪_";
				TargetAttributes = {
					636BB3BA1AED2F36008E3357 = {
						CreatedOnToolsVersion = 6.3.1;
					};
					636BB3D31AED2F36008E3357 = {
						CreatedOnToolsVersion = 6.3.1;
						TestTargetID = 636BB3BA1AED2F36008E3357;
					};
				};
			};
			buildConfigurationList = 636BB3B61AED2F36008E3357 /* Build configuration list for PBXProject "GGPickerView" */;
			compatibilityVersion = "Xcode 3.2";
			developmentRegion = English;
			hasScannedForEncodings = 0;
			knownRegions = (
				en,
				Base,
			);
			mainGroup = 636BB3B21AED2F36008E3357;
			productRefGroup = 636BB3BC1AED2F36008E3357 /* Products */;
			projectDirPath = "";
			projectRoot = "";
			targets = (
				636BB3BA1AED2F36008E3357 /* GGPickerView */,
				636BB3D31AED2F36008E3357 /* GGPickerViewTests */,
			);
		};
/* End PBXProject section */

/* Begin PBXResourcesBuildPhase section */
		636BB3B91AED2F36008E3357 /* Resources */ = {
			isa = PBXResourcesBuildPhase;
			buildActionMask = 2147483647;
			files = (
				636BB3CA1AED2F36008E3357 /* Main.storyboard in Resources */,
				636BB3CF1AED2F36008E3357 /* LaunchScreen.xib in Resources */,
				636BB3CC1AED2F36008E3357 /* Images.xcassets in Resources */,
			);
			runOnlyForDeploymentPostprocessing = 0;
		};
		636BB3D21AED2F36008E3357 /* Resources */ = {
			isa = PBXResourcesBuildPhase;
			buildActionMask = 2147483647;
			files = (
			);
			runOnlyForDeploymentPostprocessing = 0;
		};
/* End PBXResourcesBuildPhase section */

/* Begin PBXSourcesBuildPhase section */
		636BB3B71AED2F36008E3357 /* Sources */ = {
			isa = PBXSourcesBuildPhase;
			buildActionMask = 2147483647;
			files = (
				636BB3E61AED2F4E008E3357 /* GGPickerView.m in Sources */,
				636BB3C71AED2F36008E3357 /* ViewController.m in Sources */,
				636BB3C41AED2F36008E3357 /* AppDelegate.m in Sources */,
				636BB3C11AED2F36008E3357 /* main.m in Sources */,
			);
			runOnlyForDeploymentPostprocessing = 0;
		};
		636BB3D01AED2F36008E3357 /* Sources */ = {
			isa = PBXSourcesBuildPhase;
			buildActionMask = 2147483647;
			files = (
				636BB3DB1AED2F36008E3357 /* GGPickerViewTests.m in Sources */,
			);
			runOnlyForDeploymentPostprocessing = 0;
		};
/* End PBXSourcesBuildPhase section */

/* Begin PBXTargetDependency section */
		636BB3D61AED2F36008E3357 /* PBXTargetDependency */ = {
			isa = PBXTargetDependency;
			target = 636BB3BA1AED2F36008E3357 /* GGPickerView */;
			targetProxy = 636BB3D51AED2F36008E3357 /* PBXContainerItemProxy */;
		};
/* End PBXTargetDependency section */

/* Begin PBXVariantGroup section */
		636BB3C81AED2F36008E3357 /* Main.storyboard */ = {
			isa = PBXVariantGroup;
			children = (
				636BB3C91AED2F36008E3357 /* Base */,
			);
			name = Main.storyboard;
			sourceTree = "<group>";
		};
		636BB3CD1AED2F36008E3357 /* LaunchScreen.xib */ = {
			isa = PBXVariantGroup;
			children = (
				636BB3CE1AED2F36008E3357 /* Base */,
			);
			name = LaunchScreen.xib;
			sourceTree = "<group>";
		};
/* End PBXVariantGroup section */

/* Begin XCBuildConfiguration section */
		636BB3DC1AED2F36008E3357 /* Debug */ = {
			isa = XCBuildConfiguration;
			buildSettings = {
				ALWAYS_SEARCH_USER_PATHS = NO;
				CLANG_CXX_LANGUAGE_STANDARD = "gnu++0x";
				CLANG_CXX_LIBRARY = "libc++";
				CLANG_ENABLE_MODULES = YES;
				CLANG_ENABLE_OBJC_ARC = YES;
				CLANG_WARN_BOOL_CONVERSION = YES;
				CLANG_WARN_CONSTANT_CONVERSION = YES;
				CLANG_WARN_DIRECT_OBJC_ISA_USAGE = YES_ERROR;
				CLANG_WARN_EMPTY_BODY = YES;
				CLANG_WARN_ENUM_CONVERSION = YES;
				CLANG_WARN_INT_CONVERSION = YES;
				CLANG_WARN_OBJC_ROOT_CLASS = YES_ERROR;
				CLANG_WARN_UNREACHABLE_CODE = YES;
				CLANG_WARN__DUPLICATE_METHOD_MATCH = YES;
				"CODE_SIGN_IDENTITY[sdk=iphoneos*]" = "iPhone Developer";
				COPY_PHASE_STRIP = NO;
				DEBUG_INFORMATION_FORMAT = "dwarf-with-dsym";
				ENABLE_STRICT_OBJC_MSGSEND = YES;
				GCC_C_LANGUAGE_STANDARD = gnu99;
				GCC_DYNAMIC_NO_PIC = NO;
				GCC_NO_COMMON_BLOCKS = YES;
				GCC_OPTIMIZATION_LEVEL = 0;
				GCC_PREPROCESSOR_DEFINITIONS = (
					"DEBUG=1",
					"$(inherited)",
				);
				GCC_SYMBOLS_PRIVATE_EXTERN = NO;
				GCC_WARN_64_TO_32_BIT_CONVERSION = YES;
				GCC_WARN_ABOUT_RETURN_TYPE = YES_ERROR;
				GCC_WARN_UNDECLARED_SELECTOR = YES;
				GCC_WARN_UNINITIALIZED_AUTOS = YES_AGGRESSIVE;
				GCC_WARN_UNUSED_FUNCTION = YES;
				GCC_WARN_UNUSED_VARIABLE = YES;
				IPHONEOS_DEPLOYMENT_TARGET = 8.3;
				MTL_ENABLE_DEBUG_INFO = YES;
				ONLY_ACTIVE_ARCH = YES;
				SDKROOT = iphoneos;
				TARGETED_DEVICE_FAMILY = "1,2";
			};
			name = Debug;
		};
		636BB3DD1AED2F36008E3357 /* Release */ = {
			isa = XCBuildConfiguration;
			buildSettings = {
				ALWAYS_SEARCH_USER_PATHS = NO;
				CLANG_CXX_LANGUAGE_STANDARD = "gnu++0x";
				CLANG_CXX_LIBRARY = "libc++";
				CLANG_ENABLE_MODULES = YES;
				CLANG_ENABLE_OBJC_ARC = YES;
				CLANG_WARN_BOOL_CONVERSION = YES;
				CLANG_WARN_CONSTANT_CONVERSION = YES;
				CLANG_WARN_DIRECT_OBJC_ISA_USAGE = YES_ERROR;
				CLANG_WARN_EMPTY_BODY = YES;
				CLANG_WARN_ENUM_CONVERSION = YES;
				CLANG_WARN_INT_CONVERSION = YES;
				CLANG_WARN_OBJC_ROOT_CLASS = YES_ERROR;
				CLANG_WARN_UNREACHABLE_CODE = YES;
				CLANG_WARN__DUPLICATE_METHOD_MATCH = YES;
				"CODE_SIGN_IDENTITY[sdk=iphoneos*]" = "iPhone Developer";
				COPY_PHASE_STRIP = NO;
				DEBUG_INFORMATION_FORMAT = "dwarf-with-dsym";
				ENABLE_NS_ASSERTIONS = NO;
				ENABLE_STRICT_OBJC_MSGSEND = YES;
				GCC_C_LANGUAGE_STANDARD = gnu99;
				GCC_NO_COMMON_BLOCKS = YES;
				GCC_WARN_64_TO_32_BIT_CONVERSION = YES;
				GCC_WARN_ABOUT_RETURN_TYPE = YES_ERROR;
				GCC_WARN_UNDECLARED_SELECTOR = YES;
				GCC_WARN_UNINITIALIZED_AUTOS = YES_AGGRESSIVE;
				GCC_WARN_UNUSED_FUNCTION = YES;
				GCC_WARN_UNUSED_VARIABLE = YES;
				IPHONEOS_DEPLOYMENT_TARGET = 8.3;
				MTL_ENABLE_DEBUG_INFO = NO;
				SDKROOT = iphoneos;
				TARGETED_DEVICE_FAMILY = "1,2";
				VALIDATE_PRODUCT = YES;
			};
			name = Release;
		};
		636BB3DF1AED2F36008E3357 /* Debug */ = {
			isa = XCBuildConfiguration;
			buildSettings = {
				ASSETCATALOG_COMPILER_APPICON_NAME = AppIcon;
				INFOPLIST_FILE = GGPickerView/Info.plist;
				LD_RUNPATH_SEARCH_PATHS = "$(inherited) @executable_path/Frameworks";
				PRODUCT_NAME = "$(TARGET_NAME)";
			};
			name = Debug;
		};
		636BB3E01AED2F36008E3357 /* Release */ = {
			isa = XCBuildConfiguration;
			buildSettings = {
				ASSETCATALOG_COMPILER_APPICON_NAME = AppIcon;
				INFOPLIST_FILE = GGPickerView/Info.plist;
				LD_RUNPATH_SEARCH_PATHS = "$(inherited) @executable_path/Frameworks";
				PRODUCT_NAME = "$(TARGET_NAME)";
			};
			name = Release;
		};
		636BB3E21AED2F36008E3357 /* Debug */ = {
			isa = XCBuildConfiguration;
			buildSettings = {
				BUNDLE_LOADER = "$(TEST_HOST)";
				FRAMEWORK_SEARCH_PATHS = (
					"$(SDKROOT)/Developer/Library/Frameworks",
					"$(inherited)",
				);
				GCC_PREPROCESSOR_DEFINITIONS = (
					"DEBUG=1",
					"$(inherited)",
				);
				INFOPLIST_FILE = GGPickerViewTests/Info.plist;
				LD_RUNPATH_SEARCH_PATHS = "$(inherited) @executable_path/Frameworks @loader_path/Frameworks";
				PRODUCT_NAME = "$(TARGET_NAME)";
				TEST_HOST = "$(BUILT_PRODUCTS_DIR)/GGPickerView.app/GGPickerView";
			};
			name = Debug;
		};
		636BB3E31AED2F36008E3357 /* Release */ = {
			isa = XCBuildConfiguration;
			buildSettings = {
				BUNDLE_LOADER = "$(TEST_HOST)";
				FRAMEWORK_SEARCH_PATHS = (
					"$(SDKROOT)/Developer/Library/Frameworks",
					"$(inherited)",
				);
				INFOPLIST_FILE = GGPickerViewTests/Info.plist;
				LD_RUNPATH_SEARCH_PATHS = "$(inherited) @executable_path/Frameworks @loader_path/Frameworks";
				PRODUCT_NAME = "$(TARGET_NAME)";
				TEST_HOST = "$(BUILT_PRODUCTS_DIR)/GGPickerView.app/GGPickerView";
			};
			name = Release;
		};
/* End XCBuildConfiguration section */

/* Begin XCConfigurationList section */
		636BB3B61AED2F36008E3357 /* Build configuration list for PBXProject "GGPickerView" */ = {
			isa = XCConfigurationList;
			buildConfigurations = (
				636BB3DC1AED2F36008E3357 /* Debug */,
				636BB3DD1AED2F36008E3357 /* Release */,
			);
			defaultConfigurationIsVisible = 0;
			defaultConfigurationName = Release;
		};
		636BB3DE1AED2F36008E3357 /* Build configuration list for PBXNativeTarget "GGPickerView" */ = {
			isa = XCConfigurationList;
			buildConfigurations = (
				636BB3DF1AED2F36008E3357 /* Debug */,
				636BB3E01AED2F36008E3357 /* Release */,
			);
			defaultConfigurationIsVisible = 0;
			defaultConfigurationName = Release;
		};
		636BB3E11AED2F36008E3357 /* Build configuration list for PBXNativeTarget "GGPickerViewTests" */ = {
			isa = XCConfigurationList;
			buildConfigurations = (
				636BB3E21AED2F36008E3357 /* Debug */,
				636BB3E31AED2F36008E3357 /* Release */,
			);
			defaultConfigurationIsVisible = 0;
			defaultConfigurationName = Release;
		};
/* End XCConfigurationList section */
	};
	rootObject = 636BB3B31AED2F36008E3357 /* Project object */;
}
